
Microsoft Visual Studio Solution File, Format Version 12.00
# Visual Studio Version 16
VisualStudioVersion = 16.0.31515.178
MinimumVisualStudioVersion = 10.0.40219.1
Project("{FAE04EC0-301F-11D3-BF4B-00C04F79EFBC}") = "BeamChecker", "BeamChecker\BeamChecker.csproj", "{71B26CEA-16BD-4F67-9367-BA3EBEB5D03E}"
EndProject
Global
	GlobalSection(SolutionConfigurationPlatforms) = preSolution
		Debug|Any CPU = Debug|Any CPU
		Release|Any CPU = Release|Any CPU
	EndGlobalSection
	GlobalSection(ProjectConfigurationPlatforms) = postSolution
		{71B26CEA-16BD-4F67-9367-BA3EBEB5D03E}.Debug|Any CPU.ActiveCfg = Debug|Any CPU
		{71B26CEA-16BD-4F67-9367-BA3EBEB5D03E}.Debug|Any CPU.Build.0 = Debug|Any CPU
		{71B26CEA-16BD-4F67-9367-BA3EBEB5D03E}.Release|Any CPU.ActiveCfg = Release|Any CPU
		{71B26CEA-16BD-4F67-9367-BA3EBEB5D03E}.Release|Any CPU.Build.0 = Release|Any CPU
	EndGlobalSection
	GlobalSection(SolutionProperties) = preSolution
		HideSolutionNode = FALSE
	EndGlobalSection
	GlobalSection(ExtensibilityGlobals) = postSolution
		SolutionGuid = {B832A1F0-3309-4C33-8573-7B712FE56DBE}
	EndGlobalSection
EndGlobal
